
Microsoft Visual Studio Solution File, Format Version 12.00
# Visual Studio Version 16
VisualStudioVersion = 16.0.31729.503
MinimumVisualStudioVersion = 10.0.40219.1
Project("{9A19103F-16F7-4668-BE54-9A1E7A4F7556}") = "ProjetoFinal", "ProjetoFinal.csproj", "{26622CE3-1E7C-4E88-9FFD-637366D6CACF}"
EndProject
Project("{FAE04EC0-301F-11D3-BF4B-00C04F79EFBC}") = "IdentifierTests", "..\IdentifierTests\IdentifierTests.csproj", "{D03EACD5-D39B-4F3F-9B49-5634DA49D569}"
EndProject
Global
	GlobalSection(SolutionConfigurationPlatforms) = preSolution
		Debug|Any CPU = Debug|Any CPU
		Release|Any CPU = Release|Any CPU
	EndGlobalSection
	GlobalSection(ProjectConfigurationPlatforms) = postSolution
		{26622CE3-1E7C-4E88-9FFD-637366D6CACF}.Debug|Any CPU.ActiveCfg = Debug|Any CPU
		{26622CE3-1E7C-4E88-9FFD-637366D6CACF}.Debug|Any CPU.Build.0 = Debug|Any CPU
		{26622CE3-1E7C-4E88-9FFD-637366D6CACF}.Release|Any CPU.ActiveCfg = Release|Any CPU
		{26622CE3-1E7C-4E88-9FFD-637366D6CACF}.Release|Any CPU.Build.0 = Release|Any CPU
		{D03EACD5-D39B-4F3F-9B49-5634DA49D569}.Debug|Any CPU.ActiveCfg = Debug|Any CPU
		{D03EACD5-D39B-4F3F-9B49-5634DA49D569}.Debug|Any CPU.Build.0 = Debug|Any CPU
		{D03EACD5-D39B-4F3F-9B49-5634DA49D569}.Release|Any CPU.ActiveCfg = Release|Any CPU
		{D03EACD5-D39B-4F3F-9B49-5634DA49D569}.Release|Any CPU.Build.0 = Release|Any CPU
	EndGlobalSection
	GlobalSection(SolutionProperties) = preSolution
		HideSolutionNode = FALSE
	EndGlobalSection
	GlobalSection(ExtensibilityGlobals) = postSolution
		SolutionGuid = {A7A5D8B7-BC34-42A6-9707-3D2A10401131}
	EndGlobalSection
EndGlobal
